// !$*UTF8*$!
{
	archiveVersion = 1;
	classes = {
	};
	objectVersion = 50;
	objects = {

/* Begin PBXBuildFile section */
		484C0EED25E467C700BE74DD /* main.m in Sources */ = {isa = PBXBuildFile; fileRef = 484C0EEC25E467C700BE74DD /* main.m */; };
		488741AB25E7268500891145 /* main.m in Sources */ = {isa = PBXBuildFile; fileRef = 488741AA25E7268500891145 /* main.m */; };
		488741B425E7314F00891145 /* AdditionQuestion.m in Sources */ = {isa = PBXBuildFile; fileRef = 488741B325E7314F00891145 /* AdditionQuestion.m */; };
		488741BD25E7478200891145 /* InputHandler.m in Sources */ = {isa = PBXBuildFile; fileRef = 488741BC25E7478200891145 /* InputHandler.m */; };
		488741C325E74B4D00891145 /* ScoreKeeper.m in Sources */ = {isa = PBXBuildFile; fileRef = 488741C225E74B4D00891145 /* ScoreKeeper.m */; };
		489ED10325E5EFD9004DB138 /* main.m in Sources */ = {isa = PBXBuildFile; fileRef = 489ED10225E5EFD9004DB138 /* main.m */; };
		489ED10B25E5F019004DB138 /* Box.m in Sources */ = {isa = PBXBuildFile; fileRef = 489ED10A25E5F019004DB138 /* Box.m */; };
/* End PBXBuildFile section */

/* Begin PBXCopyFilesBuildPhase section */
		484C0EE725E467C700BE74DD /* CopyFiles */ = {
			isa = PBXCopyFilesBuildPhase;
			buildActionMask = 2147483647;
			dstPath = /usr/share/man/man1/;
			dstSubfolderSpec = 0;
			files = (
			);
			runOnlyForDeploymentPostprocessing = 1;
		};
		488741A625E7268500891145 /* CopyFiles */ = {
			isa = PBXCopyFilesBuildPhase;
			buildActionMask = 2147483647;
			dstPath = /usr/share/man/man1/;
			dstSubfolderSpec = 0;
			files = (
			);
			runOnlyForDeploymentPostprocessing = 1;
		};
		489ED0FE25E5EFD9004DB138 /* CopyFiles */ = {
			isa = PBXCopyFilesBuildPhase;
			buildActionMask = 2147483647;
			dstPath = /usr/share/man/man1/;
			dstSubfolderSpec = 0;
			files = (
			);
			runOnlyForDeploymentPostprocessing = 1;
		};
/* End PBXCopyFilesBuildPhase section */

/* Begin PBXFileReference section */
		484C0EE925E467C700BE74DD /* Lab1 */ = {isa = PBXFileReference; explicitFileType = "compiled.mach-o.executable"; includeInIndex = 0; path = Lab1; sourceTree = BUILT_PRODUCTS_DIR; };
		484C0EEC25E467C700BE74DD /* main.m */ = {isa = PBXFileReference; lastKnownFileType = sourcecode.c.objc; path = main.m; sourceTree = "<group>"; };
		488741A825E7268500891145 /* Maths */ = {isa = PBXFileReference; explicitFileType = "compiled.mach-o.executable"; includeInIndex = 0; path = Maths; sourceTree = BUILT_PRODUCTS_DIR; };
		488741AA25E7268500891145 /* main.m */ = {isa = PBXFileReference; lastKnownFileType = sourcecode.c.objc; path = main.m; sourceTree = "<group>"; };
		488741B225E7314F00891145 /* AdditionQuestion.h */ = {isa = PBXFileReference; lastKnownFileType = sourcecode.c.h; path = AdditionQuestion.h; sourceTree = "<group>"; };
		488741B325E7314F00891145 /* AdditionQuestion.m */ = {isa = PBXFileReference; lastKnownFileType = sourcecode.c.objc; path = AdditionQuestion.m; sourceTree = "<group>"; };
		488741BB25E7478200891145 /* InputHandler.h */ = {isa = PBXFileReference; lastKnownFileType = sourcecode.c.h; path = InputHandler.h; sourceTree = "<group>"; };
		488741BC25E7478200891145 /* InputHandler.m */ = {isa = PBXFileReference; lastKnownFileType = sourcecode.c.objc; path = InputHandler.m; sourceTree = "<group>"; };
		488741C125E74B4D00891145 /* ScoreKeeper.h */ = {isa = PBXFileReference; lastKnownFileType = sourcecode.c.h; path = ScoreKeeper.h; sourceTree = "<group>"; };
		488741C225E74B4D00891145 /* ScoreKeeper.m */ = {isa = PBXFileReference; lastKnownFileType = sourcecode.c.objc; path = ScoreKeeper.m; sourceTree = "<group>"; };
		489ED10025E5EFD9004DB138 /* Lab2 */ = {isa = PBXFileReference; explicitFileType = "compiled.mach-o.executable"; includeInIndex = 0; path = Lab2; sourceTree = BUILT_PRODUCTS_DIR; };
		489ED10225E5EFD9004DB138 /* main.m */ = {isa = PBXFileReference; lastKnownFileType = sourcecode.c.objc; path = main.m; sourceTree = "<group>"; };
		489ED10925E5F019004DB138 /* Box.h */ = {isa = PBXFileReference; lastKnownFileType = sourcecode.c.h; path = Box.h; sourceTree = "<group>"; };
		489ED10A25E5F019004DB138 /* Box.m */ = {isa = PBXFileReference; lastKnownFileType = sourcecode.c.objc; path = Box.m; sourceTree = "<group>"; };
/* End PBXFileReference section */

/* Begin PBXFrameworksBuildPhase section */
		484C0EE625E467C700BE74DD /* Frameworks */ = {
			isa = PBXFrameworksBuildPhase;
			buildActionMask = 2147483647;
			files = (
			);
			runOnlyForDeploymentPostprocessing = 0;
		};
		488741A525E7268500891145 /* Frameworks */ = {
			isa = PBXFrameworksBuildPhase;
			buildActionMask = 2147483647;
			files = (
			);
			runOnlyForDeploymentPostprocessing = 0;
		};
		489ED0FD25E5EFD9004DB138 /* Frameworks */ = {
			isa = PBXFrameworksBuildPhase;
			buildActionMask = 2147483647;
			files = (
			);
			runOnlyForDeploymentPostprocessing = 0;
		};
/* End PBXFrameworksBuildPhase section */

/* Begin PBXGroup section */
		484C0EE025E467C700BE74DD = {
			isa = PBXGroup;
			children = (
				484C0EEB25E467C700BE74DD /* Lab1 */,
				489ED10125E5EFD9004DB138 /* Lab2 */,
				488741A925E7268500891145 /* Maths */,
				484C0EEA25E467C700BE74DD /* Products */,
			);
			sourceTree = "<group>";
		};
		484C0EEA25E467C700BE74DD /* Products */ = {
			isa = PBXGroup;
			children = (
				484C0EE925E467C700BE74DD /* Lab1 */,
				489ED10025E5EFD9004DB138 /* Lab2 */,
				488741A825E7268500891145 /* Maths */,
			);
			name = Products;
			sourceTree = "<group>";
		};
		484C0EEB25E467C700BE74DD /* Lab1 */ = {
			isa = PBXGroup;
			children = (
				484C0EEC25E467C700BE74DD /* main.m */,
			);
			path = Lab1;
			sourceTree = "<group>";
		};
		488741A925E7268500891145 /* Maths */ = {
			isa = PBXGroup;
			children = (
				488741AA25E7268500891145 /* main.m */,
				488741B225E7314F00891145 /* AdditionQuestion.h */,
				488741B325E7314F00891145 /* AdditionQuestion.m */,
				488741BB25E7478200891145 /* InputHandler.h */,
				488741BC25E7478200891145 /* InputHandler.m */,
				488741C125E74B4D00891145 /* ScoreKeeper.h */,
				488741C225E74B4D00891145 /* ScoreKeeper.m */,
			);
			path = Maths;
			sourceTree = "<group>";
		};
		489ED10125E5EFD9004DB138 /* Lab2 */ = {
			isa = PBXGroup;
			children = (
				489ED10225E5EFD9004DB138 /* main.m */,
				489ED10925E5F019004DB138 /* Box.h */,
				489ED10A25E5F019004DB138 /* Box.m */,
			);
			path = Lab2;
			sourceTree = "<group>";
		};
/* End PBXGroup section */

/* Begin PBXNativeTarget section */
		484C0EE825E467C700BE74DD /* Lab1 */ = {
			isa = PBXNativeTarget;
			buildConfigurationList = 484C0EF025E467C700BE74DD /* Build configuration list for PBXNativeTarget "Lab1" */;
			buildPhases = (
				484C0EE525E467C700BE74DD /* Sources */,
				484C0EE625E467C700BE74DD /* Frameworks */,
				484C0EE725E467C700BE74DD /* CopyFiles */,
			);
			buildRules = (
			);
			dependencies = (
			);
			name = Lab1;
			productName = Labs;
			productReference = 484C0EE925E467C700BE74DD /* Lab1 */;
			productType = "com.apple.product-type.tool";
		};
		488741A725E7268500891145 /* Maths */ = {
			isa = PBXNativeTarget;
			buildConfigurationList = 488741AE25E7268500891145 /* Build configuration list for PBXNativeTarget "Maths" */;
			buildPhases = (
				488741A425E7268500891145 /* Sources */,
				488741A525E7268500891145 /* Frameworks */,
				488741A625E7268500891145 /* CopyFiles */,
			);
			buildRules = (
			);
			dependencies = (
			);
			name = Maths;
			productName = Maths;
			productReference = 488741A825E7268500891145 /* Maths */;
			productType = "com.apple.product-type.tool";
		};
		489ED0FF25E5EFD9004DB138 /* Lab2 */ = {
			isa = PBXNativeTarget;
			buildConfigurationList = 489ED10625E5EFD9004DB138 /* Build configuration list for PBXNativeTarget "Lab2" */;
			buildPhases = (
				489ED0FC25E5EFD9004DB138 /* Sources */,
				489ED0FD25E5EFD9004DB138 /* Frameworks */,
				489ED0FE25E5EFD9004DB138 /* CopyFiles */,
			);
			buildRules = (
			);
			dependencies = (
			);
			name = Lab2;
			productName = Lab2;
			productReference = 489ED10025E5EFD9004DB138 /* Lab2 */;
			productType = "com.apple.product-type.tool";
		};
/* End PBXNativeTarget section */

/* Begin PBXProject section */
		484C0EE125E467C700BE74DD /* Project object */ = {
			isa = PBXProject;
			attributes = {
				LastUpgradeCheck = 1240;
				TargetAttributes = {
					484C0EE825E467C700BE74DD = {
						CreatedOnToolsVersion = 12.4;
					};
					488741A725E7268500891145 = {
						CreatedOnToolsVersion = 12.4;
					};
					489ED0FF25E5EFD9004DB138 = {
						CreatedOnToolsVersion = 12.4;
					};
				};
			};
			buildConfigurationList = 484C0EE425E467C700BE74DD /* Build configuration list for PBXProject "Labs" */;
			compatibilityVersion = "Xcode 9.3";
			developmentRegion = en;
			hasScannedForEncodings = 0;
			knownRegions = (
				en,
				Base,
			);
			mainGroup = 484C0EE025E467C700BE74DD;
			productRefGroup = 484C0EEA25E467C700BE74DD /* Products */;
			projectDirPath = "";
			projectRoot = "";
			targets = (
				484C0EE825E467C700BE74DD /* Lab1 */,
				489ED0FF25E5EFD9004DB138 /* Lab2 */,
				488741A725E7268500891145 /* Maths */,
			);
		};
/* End PBXProject section */

/* Begin PBXSourcesBuildPhase section */
		484C0EE525E467C700BE74DD /* Sources */ = {
			isa = PBXSourcesBuildPhase;
			buildActionMask = 2147483647;
			files = (
				484C0EED25E467C700BE74DD /* main.m in Sources */,
			);
			runOnlyForDeploymentPostprocessing = 0;
		};
		488741A425E7268500891145 /* Sources */ = {
			isa = PBXSourcesBuildPhase;
			buildActionMask = 2147483647;
			files = (
				488741C325E74B4D00891145 /* ScoreKeeper.m in Sources */,
				488741AB25E7268500891145 /* main.m in Sources */,
				488741BD25E7478200891145 /* InputHandler.m in Sources */,
				488741B425E7314F00891145 /* AdditionQuestion.m in Sources */,
			);
			runOnlyForDeploymentPostprocessing = 0;
		};
		489ED0FC25E5EFD9004DB138 /* Sources */ = {
			isa = PBXSourcesBuildPhase;
			buildActionMask = 2147483647;
			files = (
				489ED10325E5EFD9004DB138 /* main.m in Sources */,
				489ED10B25E5F019004DB138 /* Box.m in Sources */,
			);
			runOnlyForDeploymentPostprocessing = 0;
		};
/* End PBXSourcesBuildPhase section */

/* Begin XCBuildConfiguration section */
		484C0EEE25E467C700BE74DD /* Debug */ = {
			isa = XCBuildConfiguration;
			buildSettings = {
				ALWAYS_SEARCH_USER_PATHS = NO;
				CLANG_ANALYZER_NONNULL = YES;
				CLANG_ANALYZER_NUMBER_OBJECT_CONVERSION = YES_AGGRESSIVE;
				CLANG_CXX_LANGUAGE_STANDARD = "gnu++14";
				CLANG_CXX_LIBRARY = "libc++";
				CLANG_ENABLE_MODULES = YES;
				CLANG_ENABLE_OBJC_ARC = YES;
				CLANG_ENABLE_OBJC_WEAK = YES;
				CLANG_WARN_BLOCK_CAPTURE_AUTORELEASING = YES;
				CLANG_WARN_BOOL_CONVERSION = YES;
				CLANG_WARN_COMMA = YES;
				CLANG_WARN_CONSTANT_CONVERSION = YES;
				CLANG_WARN_DEPRECATED_OBJC_IMPLEMENTATIONS = YES;
				CLANG_WARN_DIRECT_OBJC_ISA_USAGE = YES_ERROR;
				CLANG_WARN_DOCUMENTATION_COMMENTS = YES;
				CLANG_WARN_EMPTY_BODY = YES;
				CLANG_WARN_ENUM_CONVERSION = YES;
				CLANG_WARN_INFINITE_RECURSION = YES;
				CLANG_WARN_INT_CONVERSION = YES;
				CLANG_WARN_NON_LITERAL_NULL_CONVERSION = YES;
				CLANG_WARN_OBJC_IMPLICIT_RETAIN_SELF = YES;
				CLANG_WARN_OBJC_LITERAL_CONVERSION = YES;
				CLANG_WARN_OBJC_ROOT_CLASS = YES_ERROR;
				CLANG_WARN_QUOTED_INCLUDE_IN_FRAMEWORK_HEADER = YES;
				CLANG_WARN_RANGE_LOOP_ANALYSIS = YES;
				CLANG_WARN_STRICT_PROTOTYPES = YES;
				CLANG_WARN_SUSPICIOUS_MOVE = YES;
				CLANG_WARN_UNGUARDED_AVAILABILITY = YES_AGGRESSIVE;
				CLANG_WARN_UNREACHABLE_CODE = YES;
				CLANG_WARN__DUPLICATE_METHOD_MATCH = YES;
				COPY_PHASE_STRIP = NO;
				DEBUG_INFORMATION_FORMAT = dwarf;
				ENABLE_STRICT_OBJC_MSGSEND = YES;
				ENABLE_TESTABILITY = YES;
				GCC_C_LANGUAGE_STANDARD = gnu11;
				GCC_DYNAMIC_NO_PIC = NO;
				GCC_NO_COMMON_BLOCKS = YES;
				GCC_OPTIMIZATION_LEVEL = 0;
				GCC_PREPROCESSOR_DEFINITIONS = (
					"DEBUG=1",
					"$(inherited)",
				);
				GCC_WARN_64_TO_32_BIT_CONVERSION = YES;
				GCC_WARN_ABOUT_RETURN_TYPE = YES_ERROR;
				GCC_WARN_UNDECLARED_SELECTOR = YES;
				GCC_WARN_UNINITIALIZED_AUTOS = YES_AGGRESSIVE;
				GCC_WARN_UNUSED_FUNCTION = YES;
				GCC_WARN_UNUSED_VARIABLE = YES;
				MACOSX_DEPLOYMENT_TARGET = 11.1;
				MTL_ENABLE_DEBUG_INFO = INCLUDE_SOURCE;
				MTL_FAST_MATH = YES;
				ONLY_ACTIVE_ARCH = YES;
				SDKROOT = macosx;
			};
			name = Debug;
		};
		484C0EEF25E467C700BE74DD /* Release */ = {
			isa = XCBuildConfiguration;
			buildSettings = {
				ALWAYS_SEARCH_USER_PATHS = NO;
				CLANG_ANALYZER_NONNULL = YES;
				CLANG_ANALYZER_NUMBER_OBJECT_CONVERSION = YES_AGGRESSIVE;
				CLANG_CXX_LANGUAGE_STANDARD = "gnu++14";
				CLANG_CXX_LIBRARY = "libc++";
				CLANG_ENABLE_MODULES = YES;
				CLANG_ENABLE_OBJC_ARC = YES;
				CLANG_ENABLE_OBJC_WEAK = YES;
				CLANG_WARN_BLOCK_CAPTURE_AUTORELEASING = YES;
				CLANG_WARN_BOOL_CONVERSION = YES;
				CLANG_WARN_COMMA = YES;
				CLANG_WARN_CONSTANT_CONVERSION = YES;
				CLANG_WARN_DEPRECATED_OBJC_IMPLEMENTATIONS = YES;
				CLANG_WARN_DIRECT_OBJC_ISA_USAGE = YES_ERROR;
				CLANG_WARN_DOCUMENTATION_COMMENTS = YES;
				CLANG_WARN_EMPTY_BODY = YES;
				CLANG_WARN_ENUM_CONVERSION = YES;
				CLANG_WARN_INFINITE_RECURSION = YES;
				CLANG_WARN_INT_CONVERSION = YES;
				CLANG_WARN_NON_LITERAL_NULL_CONVERSION = YES;
				CLANG_WARN_OBJC_IMPLICIT_RETAIN_SELF = YES;
				CLANG_WARN_OBJC_LITERAL_CONVERSION = YES;
				CLANG_WARN_OBJC_ROOT_CLASS = YES_ERROR;
				CLANG_WARN_QUOTED_INCLUDE_IN_FRAMEWORK_HEADER = YES;
				CLANG_WARN_RANGE_LOOP_ANALYSIS = YES;
				CLANG_WARN_STRICT_PROTOTYPES = YES;
				CLANG_WARN_SUSPICIOUS_MOVE = YES;
				CLANG_WARN_UNGUARDED_AVAILABILITY = YES_AGGRESSIVE;
				CLANG_WARN_UNREACHABLE_CODE = YES;
				CLANG_WARN__DUPLICATE_METHOD_MATCH = YES;
				COPY_PHASE_STRIP = NO;
				DEBUG_INFORMATION_FORMAT = "dwarf-with-dsym";
				ENABLE_NS_ASSERTIONS = NO;
				ENABLE_STRICT_OBJC_MSGSEND = YES;
				GCC_C_LANGUAGE_STANDARD = gnu11;
				GCC_NO_COMMON_BLOCKS = YES;
				GCC_WARN_64_TO_32_BIT_CONVERSION = YES;
				GCC_WARN_ABOUT_RETURN_TYPE = YES_ERROR;
				GCC_WARN_UNDECLARED_SELECTOR = YES;
				GCC_WARN_UNINITIALIZED_AUTOS = YES_AGGRESSIVE;
				GCC_WARN_UNUSED_FUNCTION = YES;
				GCC_WARN_UNUSED_VARIABLE = YES;
				MACOSX_DEPLOYMENT_TARGET = 11.1;
				MTL_ENABLE_DEBUG_INFO = NO;
				MTL_FAST_MATH = YES;
				SDKROOT = macosx;
			};
			name = Release;
		};
		484C0EF125E467C700BE74DD /* Debug */ = {
			isa = XCBuildConfiguration;
			buildSettings = {
				CODE_SIGN_STYLE = Automatic;
				PRODUCT_NAME = "$(TARGET_NAME)";
			};
			name = Debug;
		};
		484C0EF225E467C700BE74DD /* Release */ = {
			isa = XCBuildConfiguration;
			buildSettings = {
				CODE_SIGN_STYLE = Automatic;
				PRODUCT_NAME = "$(TARGET_NAME)";
			};
			name = Release;
		};
		488741AC25E7268500891145 /* Debug */ = {
			isa = XCBuildConfiguration;
			buildSettings = {
				CODE_SIGN_STYLE = Automatic;
				PRODUCT_NAME = "$(TARGET_NAME)";
			};
			name = Debug;
		};
		488741AD25E7268500891145 /* Release */ = {
			isa = XCBuildConfiguration;
			buildSettings = {
				CODE_SIGN_STYLE = Automatic;
				PRODUCT_NAME = "$(TARGET_NAME)";
			};
			name = Release;
		};
		489ED10425E5EFD9004DB138 /* Debug */ = {
			isa = XCBuildConfiguration;
			buildSettings = {
				CODE_SIGN_STYLE = Automatic;
				PRODUCT_NAME = "$(TARGET_NAME)";
			};
			name = Debug;
		};
		489ED10525E5EFD9004DB138 /* Release */ = {
			isa = XCBuildConfiguration;
			buildSettings = {
				CODE_SIGN_STYLE = Automatic;
				PRODUCT_NAME = "$(TARGET_NAME)";
			};
			name = Release;
		};
/* End XCBuildConfiguration section */

/* Begin XCConfigurationList section */
		484C0EE425E467C700BE74DD /* Build configuration list for PBXProject "Labs" */ = {
			isa = XCConfigurationList;
			buildConfigurations = (
				484C0EEE25E467C700BE74DD /* Debug */,
				484C0EEF25E467C700BE74DD /* Release */,
			);
			defaultConfigurationIsVisible = 0;
			defaultConfigurationName = Release;
		};
		484C0EF025E467C700BE74DD /* Build configuration list for PBXNativeTarget "Lab1" */ = {
			isa = XCConfigurationList;
			buildConfigurations = (
				484C0EF125E467C700BE74DD /* Debug */,
				484C0EF225E467C700BE74DD /* Release */,
			);
			defaultConfigurationIsVisible = 0;
			defaultConfigurationName = Release;
		};
		488741AE25E7268500891145 /* Build configuration list for PBXNativeTarget "Maths" */ = {
			isa = XCConfigurationList;
			buildConfigurations = (
				488741AC25E7268500891145 /* Debug */,
				488741AD25E7268500891145 /* Release */,
			);
			defaultConfigurationIsVisible = 0;
			defaultConfigurationName = Release;
		};
		489ED10625E5EFD9004DB138 /* Build configuration list for PBXNativeTarget "Lab2" */ = {
			isa = XCConfigurationList;
			buildConfigurations = (
				489ED10425E5EFD9004DB138 /* Debug */,
				489ED10525E5EFD9004DB138 /* Release */,
			);
			defaultConfigurationIsVisible = 0;
			defaultConfigurationName = Release;
		};
/* End XCConfigurationList section */
	};
	rootObject = 484C0EE125E467C700BE74DD /* Project object */;
}
