// !$*UTF8*$!
{
	archiveVersion = 1;
	classes = {
	};
	objectVersion = 50;
	objects = {

/* Begin PBXBuildFile section */
		484C0EED25E467C700BE74DD /* main.m in Sources */ = {isa = PBXBuildFile; fileRef = 484C0EEC25E467C700BE74DD /* main.m */; };
		4853231925E88D0900D62616 /* main.m in Sources */ = {isa = PBXBuildFile; fileRef = 4853231825E88D0900D62616 /* main.m */; };
		4853232325E8997000D62616 /* InputCollector.m in Sources */ = {isa = PBXBuildFile; fileRef = 4853232225E8997000D62616 /* InputCollector.m */; };
		4853232B25E89ED000D62616 /* Contact.m in Sources */ = {isa = PBXBuildFile; fileRef = 4853232A25E89ED000D62616 /* Contact.m */; };
		4853233225E8A28B00D62616 /* ContactList.m in Sources */ = {isa = PBXBuildFile; fileRef = 4853233125E8A28B00D62616 /* ContactList.m */; };
		485F57EC25E993A000ED1475 /* main.m in Sources */ = {isa = PBXBuildFile; fileRef = 485F57EB25E993A000ED1475 /* main.m */; };
		485F57F725E9961500ED1475 /* NSString+PigLatin.m in Sources */ = {isa = PBXBuildFile; fileRef = 485F57F625E9961500ED1475 /* NSString+PigLatin.m */; };
		485F580025EA154100ED1475 /* QuestionManager.m in Sources */ = {isa = PBXBuildFile; fileRef = 485F57FF25EA154100ED1475 /* QuestionManager.m */; };
		485F580D25EA1C4100ED1475 /* AdditionQuestion.m in Sources */ = {isa = PBXBuildFile; fileRef = 485F580C25EA1C4100ED1475 /* AdditionQuestion.m */; };
		485F581A25EA202400ED1475 /* QuestionFactory.m in Sources */ = {isa = PBXBuildFile; fileRef = 485F581925EA202400ED1475 /* QuestionFactory.m */; };
		485F582725EA23E000ED1475 /* SubtractionQuestion.m in Sources */ = {isa = PBXBuildFile; fileRef = 485F582625EA23E000ED1475 /* SubtractionQuestion.m */; };
		485F583425EA24AB00ED1475 /* MultiplicationQuestion.m in Sources */ = {isa = PBXBuildFile; fileRef = 485F583325EA24AB00ED1475 /* MultiplicationQuestion.m */; };
		485F584125EA251300ED1475 /* DivisionQuestion.m in Sources */ = {isa = PBXBuildFile; fileRef = 485F584025EA251300ED1475 /* DivisionQuestion.m */; };
		485F585F25EB043800ED1475 /* main.m in Sources */ = {isa = PBXBuildFile; fileRef = 485F585E25EB043800ED1475 /* main.m */; };
		485F586B25EB046500ED1475 /* Dice.m in Sources */ = {isa = PBXBuildFile; fileRef = 485F586A25EB046500ED1475 /* Dice.m */; };
		485F587F25EB049400ED1475 /* InputHandler.m in Sources */ = {isa = PBXBuildFile; fileRef = 488741BC25E7478200891145 /* InputHandler.m */; };
		485F588825EB04AA00ED1475 /* InputHandler.m in Sources */ = {isa = PBXBuildFile; fileRef = 485F588725EB04AA00ED1475 /* InputHandler.m */; };
		485F589125EB04F600ED1475 /* GameController.m in Sources */ = {isa = PBXBuildFile; fileRef = 485F589025EB04F600ED1475 /* GameController.m */; };
		488741AB25E7268500891145 /* main.m in Sources */ = {isa = PBXBuildFile; fileRef = 488741AA25E7268500891145 /* main.m */; };
		488741B425E7314F00891145 /* Question.m in Sources */ = {isa = PBXBuildFile; fileRef = 488741B325E7314F00891145 /* Question.m */; };
		488741C325E74B4D00891145 /* ScoreKeeper.m in Sources */ = {isa = PBXBuildFile; fileRef = 488741C225E74B4D00891145 /* ScoreKeeper.m */; };
		489ED10325E5EFD9004DB138 /* main.m in Sources */ = {isa = PBXBuildFile; fileRef = 489ED10225E5EFD9004DB138 /* main.m */; };
		489ED10B25E5F019004DB138 /* Box.m in Sources */ = {isa = PBXBuildFile; fileRef = 489ED10A25E5F019004DB138 /* Box.m */; };
/* End PBXBuildFile section */

/* Begin PBXCopyFilesBuildPhase section */
		484C0EE725E467C700BE74DD /* CopyFiles */ = {
			isa = PBXCopyFilesBuildPhase;
			buildActionMask = 2147483647;
			dstPath = /usr/share/man/man1/;
			dstSubfolderSpec = 0;
			files = (
			);
			runOnlyForDeploymentPostprocessing = 1;
		};
		4853231425E88D0900D62616 /* CopyFiles */ = {
			isa = PBXCopyFilesBuildPhase;
			buildActionMask = 2147483647;
			dstPath = /usr/share/man/man1/;
			dstSubfolderSpec = 0;
			files = (
			);
			runOnlyForDeploymentPostprocessing = 1;
		};
		485F57E725E993A000ED1475 /* CopyFiles */ = {
			isa = PBXCopyFilesBuildPhase;
			buildActionMask = 2147483647;
			dstPath = /usr/share/man/man1/;
			dstSubfolderSpec = 0;
			files = (
			);
			runOnlyForDeploymentPostprocessing = 1;
		};
		485F585A25EB043800ED1475 /* CopyFiles */ = {
			isa = PBXCopyFilesBuildPhase;
			buildActionMask = 2147483647;
			dstPath = /usr/share/man/man1/;
			dstSubfolderSpec = 0;
			files = (
			);
			runOnlyForDeploymentPostprocessing = 1;
		};
		488741A625E7268500891145 /* CopyFiles */ = {
			isa = PBXCopyFilesBuildPhase;
			buildActionMask = 2147483647;
			dstPath = /usr/share/man/man1/;
			dstSubfolderSpec = 0;
			files = (
			);
			runOnlyForDeploymentPostprocessing = 1;
		};
		489ED0FE25E5EFD9004DB138 /* CopyFiles */ = {
			isa = PBXCopyFilesBuildPhase;
			buildActionMask = 2147483647;
			dstPath = /usr/share/man/man1/;
			dstSubfolderSpec = 0;
			files = (
			);
			runOnlyForDeploymentPostprocessing = 1;
		};
/* End PBXCopyFilesBuildPhase section */

/* Begin PBXFileReference section */
		484C0EE925E467C700BE74DD /* Lab1 */ = {isa = PBXFileReference; explicitFileType = "compiled.mach-o.executable"; includeInIndex = 0; path = Lab1; sourceTree = BUILT_PRODUCTS_DIR; };
		484C0EEC25E467C700BE74DD /* main.m */ = {isa = PBXFileReference; lastKnownFileType = sourcecode.c.objc; path = main.m; sourceTree = "<group>"; };
		4853231625E88D0900D62616 /* Lab4 */ = {isa = PBXFileReference; explicitFileType = "compiled.mach-o.executable"; includeInIndex = 0; path = Lab4; sourceTree = BUILT_PRODUCTS_DIR; };
		4853231825E88D0900D62616 /* main.m */ = {isa = PBXFileReference; lastKnownFileType = sourcecode.c.objc; path = main.m; sourceTree = "<group>"; };
		4853232125E8997000D62616 /* InputCollector.h */ = {isa = PBXFileReference; lastKnownFileType = sourcecode.c.h; path = InputCollector.h; sourceTree = "<group>"; };
		4853232225E8997000D62616 /* InputCollector.m */ = {isa = PBXFileReference; lastKnownFileType = sourcecode.c.objc; path = InputCollector.m; sourceTree = "<group>"; };
		4853232925E89ED000D62616 /* Contact.h */ = {isa = PBXFileReference; lastKnownFileType = sourcecode.c.h; path = Contact.h; sourceTree = "<group>"; };
		4853232A25E89ED000D62616 /* Contact.m */ = {isa = PBXFileReference; lastKnownFileType = sourcecode.c.objc; path = Contact.m; sourceTree = "<group>"; };
		4853233025E8A28B00D62616 /* ContactList.h */ = {isa = PBXFileReference; lastKnownFileType = sourcecode.c.h; path = ContactList.h; sourceTree = "<group>"; };
		4853233125E8A28B00D62616 /* ContactList.m */ = {isa = PBXFileReference; lastKnownFileType = sourcecode.c.objc; path = ContactList.m; sourceTree = "<group>"; };
		485F57E925E993A000ED1475 /* Pig Latin */ = {isa = PBXFileReference; explicitFileType = "compiled.mach-o.executable"; includeInIndex = 0; path = "Pig Latin"; sourceTree = BUILT_PRODUCTS_DIR; };
		485F57EB25E993A000ED1475 /* main.m */ = {isa = PBXFileReference; lastKnownFileType = sourcecode.c.objc; path = main.m; sourceTree = "<group>"; };
		485F57F525E9961500ED1475 /* NSString+PigLatin.h */ = {isa = PBXFileReference; lastKnownFileType = sourcecode.c.h; path = "NSString+PigLatin.h"; sourceTree = "<group>"; };
		485F57F625E9961500ED1475 /* NSString+PigLatin.m */ = {isa = PBXFileReference; lastKnownFileType = sourcecode.c.objc; path = "NSString+PigLatin.m"; sourceTree = "<group>"; };
		485F57FE25EA154100ED1475 /* QuestionManager.h */ = {isa = PBXFileReference; lastKnownFileType = sourcecode.c.h; path = QuestionManager.h; sourceTree = "<group>"; };
		485F57FF25EA154100ED1475 /* QuestionManager.m */ = {isa = PBXFileReference; lastKnownFileType = sourcecode.c.objc; path = QuestionManager.m; sourceTree = "<group>"; };
		485F580B25EA1C4100ED1475 /* AdditionQuestion.h */ = {isa = PBXFileReference; lastKnownFileType = sourcecode.c.h; path = AdditionQuestion.h; sourceTree = "<group>"; };
		485F580C25EA1C4100ED1475 /* AdditionQuestion.m */ = {isa = PBXFileReference; lastKnownFileType = sourcecode.c.objc; path = AdditionQuestion.m; sourceTree = "<group>"; };
		485F581825EA202400ED1475 /* QuestionFactory.h */ = {isa = PBXFileReference; lastKnownFileType = sourcecode.c.h; path = QuestionFactory.h; sourceTree = "<group>"; };
		485F581925EA202400ED1475 /* QuestionFactory.m */ = {isa = PBXFileReference; lastKnownFileType = sourcecode.c.objc; path = QuestionFactory.m; sourceTree = "<group>"; };
		485F582525EA23E000ED1475 /* SubtractionQuestion.h */ = {isa = PBXFileReference; lastKnownFileType = sourcecode.c.h; path = SubtractionQuestion.h; sourceTree = "<group>"; };
		485F582625EA23E000ED1475 /* SubtractionQuestion.m */ = {isa = PBXFileReference; lastKnownFileType = sourcecode.c.objc; path = SubtractionQuestion.m; sourceTree = "<group>"; };
		485F583225EA24AB00ED1475 /* MultiplicationQuestion.h */ = {isa = PBXFileReference; lastKnownFileType = sourcecode.c.h; path = MultiplicationQuestion.h; sourceTree = "<group>"; };
		485F583325EA24AB00ED1475 /* MultiplicationQuestion.m */ = {isa = PBXFileReference; lastKnownFileType = sourcecode.c.objc; path = MultiplicationQuestion.m; sourceTree = "<group>"; };
		485F583F25EA251300ED1475 /* DivisionQuestion.h */ = {isa = PBXFileReference; lastKnownFileType = sourcecode.c.h; path = DivisionQuestion.h; sourceTree = "<group>"; };
		485F584025EA251300ED1475 /* DivisionQuestion.m */ = {isa = PBXFileReference; lastKnownFileType = sourcecode.c.objc; path = DivisionQuestion.m; sourceTree = "<group>"; };
		485F585C25EB043800ED1475 /* Lab6 */ = {isa = PBXFileReference; explicitFileType = "compiled.mach-o.executable"; includeInIndex = 0; path = Lab6; sourceTree = BUILT_PRODUCTS_DIR; };
		485F585E25EB043800ED1475 /* main.m */ = {isa = PBXFileReference; lastKnownFileType = sourcecode.c.objc; path = main.m; sourceTree = "<group>"; };
		485F586925EB046500ED1475 /* Dice.h */ = {isa = PBXFileReference; lastKnownFileType = sourcecode.c.h; path = Dice.h; sourceTree = "<group>"; };
		485F586A25EB046500ED1475 /* Dice.m */ = {isa = PBXFileReference; lastKnownFileType = sourcecode.c.objc; path = Dice.m; sourceTree = "<group>"; };
		485F588625EB04AA00ED1475 /* InputHandler.h */ = {isa = PBXFileReference; lastKnownFileType = sourcecode.c.h; path = InputHandler.h; sourceTree = "<group>"; };
		485F588725EB04AA00ED1475 /* InputHandler.m */ = {isa = PBXFileReference; lastKnownFileType = sourcecode.c.objc; path = InputHandler.m; sourceTree = "<group>"; };
		485F588F25EB04F600ED1475 /* GameController.h */ = {isa = PBXFileReference; lastKnownFileType = sourcecode.c.h; path = GameController.h; sourceTree = "<group>"; };
		485F589025EB04F600ED1475 /* GameController.m */ = {isa = PBXFileReference; lastKnownFileType = sourcecode.c.objc; path = GameController.m; sourceTree = "<group>"; };
		488741A825E7268500891145 /* Maths */ = {isa = PBXFileReference; explicitFileType = "compiled.mach-o.executable"; includeInIndex = 0; path = Maths; sourceTree = BUILT_PRODUCTS_DIR; };
		488741AA25E7268500891145 /* main.m */ = {isa = PBXFileReference; lastKnownFileType = sourcecode.c.objc; path = main.m; sourceTree = "<group>"; };
		488741B225E7314F00891145 /* Question.h */ = {isa = PBXFileReference; lastKnownFileType = sourcecode.c.h; path = Question.h; sourceTree = "<group>"; };
		488741B325E7314F00891145 /* Question.m */ = {isa = PBXFileReference; lastKnownFileType = sourcecode.c.objc; path = Question.m; sourceTree = "<group>"; };
		488741BB25E7478200891145 /* InputHandler.h */ = {isa = PBXFileReference; lastKnownFileType = sourcecode.c.h; path = InputHandler.h; sourceTree = "<group>"; };
		488741BC25E7478200891145 /* InputHandler.m */ = {isa = PBXFileReference; lastKnownFileType = sourcecode.c.objc; path = InputHandler.m; sourceTree = "<group>"; };
		488741C125E74B4D00891145 /* ScoreKeeper.h */ = {isa = PBXFileReference; lastKnownFileType = sourcecode.c.h; path = ScoreKeeper.h; sourceTree = "<group>"; };
		488741C225E74B4D00891145 /* ScoreKeeper.m */ = {isa = PBXFileReference; lastKnownFileType = sourcecode.c.objc; path = ScoreKeeper.m; sourceTree = "<group>"; };
		489ED10025E5EFD9004DB138 /* Lab2 */ = {isa = PBXFileReference; explicitFileType = "compiled.mach-o.executable"; includeInIndex = 0; path = Lab2; sourceTree = BUILT_PRODUCTS_DIR; };
		489ED10225E5EFD9004DB138 /* main.m */ = {isa = PBXFileReference; lastKnownFileType = sourcecode.c.objc; path = main.m; sourceTree = "<group>"; };
		489ED10925E5F019004DB138 /* Box.h */ = {isa = PBXFileReference; lastKnownFileType = sourcecode.c.h; path = Box.h; sourceTree = "<group>"; };
		489ED10A25E5F019004DB138 /* Box.m */ = {isa = PBXFileReference; lastKnownFileType = sourcecode.c.objc; path = Box.m; sourceTree = "<group>"; };
/* End PBXFileReference section */

/* Begin PBXFrameworksBuildPhase section */
		484C0EE625E467C700BE74DD /* Frameworks */ = {
			isa = PBXFrameworksBuildPhase;
			buildActionMask = 2147483647;
			files = (
			);
			runOnlyForDeploymentPostprocessing = 0;
		};
		4853231325E88D0900D62616 /* Frameworks */ = {
			isa = PBXFrameworksBuildPhase;
			buildActionMask = 2147483647;
			files = (
			);
			runOnlyForDeploymentPostprocessing = 0;
		};
		485F57E625E993A000ED1475 /* Frameworks */ = {
			isa = PBXFrameworksBuildPhase;
			buildActionMask = 2147483647;
			files = (
			);
			runOnlyForDeploymentPostprocessing = 0;
		};
		485F585925EB043800ED1475 /* Frameworks */ = {
			isa = PBXFrameworksBuildPhase;
			buildActionMask = 2147483647;
			files = (
			);
			runOnlyForDeploymentPostprocessing = 0;
		};
		488741A525E7268500891145 /* Frameworks */ = {
			isa = PBXFrameworksBuildPhase;
			buildActionMask = 2147483647;
			files = (
			);
			runOnlyForDeploymentPostprocessing = 0;
		};
		489ED0FD25E5EFD9004DB138 /* Frameworks */ = {
			isa = PBXFrameworksBuildPhase;
			buildActionMask = 2147483647;
			files = (
			);
			runOnlyForDeploymentPostprocessing = 0;
		};
/* End PBXFrameworksBuildPhase section */

/* Begin PBXGroup section */
		484C0EE025E467C700BE74DD = {
			isa = PBXGroup;
			children = (
				484C0EEB25E467C700BE74DD /* Lab1 */,
				489ED10125E5EFD9004DB138 /* Lab2 */,
				488741A925E7268500891145 /* Maths */,
				4853231725E88D0900D62616 /* Lab4 */,
				485F57EA25E993A000ED1475 /* Pig Latin */,
				485F585D25EB043800ED1475 /* Lab6 */,
				484C0EEA25E467C700BE74DD /* Products */,
			);
			sourceTree = "<group>";
		};
		484C0EEA25E467C700BE74DD /* Products */ = {
			isa = PBXGroup;
			children = (
				484C0EE925E467C700BE74DD /* Lab1 */,
				489ED10025E5EFD9004DB138 /* Lab2 */,
				488741A825E7268500891145 /* Maths */,
				4853231625E88D0900D62616 /* Lab4 */,
				485F57E925E993A000ED1475 /* Pig Latin */,
				485F585C25EB043800ED1475 /* Lab6 */,
			);
			name = Products;
			sourceTree = "<group>";
		};
		484C0EEB25E467C700BE74DD /* Lab1 */ = {
			isa = PBXGroup;
			children = (
				484C0EEC25E467C700BE74DD /* main.m */,
			);
			path = Lab1;
			sourceTree = "<group>";
		};
		4853231725E88D0900D62616 /* Lab4 */ = {
			isa = PBXGroup;
			children = (
				4853231825E88D0900D62616 /* main.m */,
				4853232125E8997000D62616 /* InputCollector.h */,
				4853232225E8997000D62616 /* InputCollector.m */,
				4853232925E89ED000D62616 /* Contact.h */,
				4853232A25E89ED000D62616 /* Contact.m */,
				4853233025E8A28B00D62616 /* ContactList.h */,
				4853233125E8A28B00D62616 /* ContactList.m */,
			);
			path = Lab4;
			sourceTree = "<group>";
		};
		485F57EA25E993A000ED1475 /* Pig Latin */ = {
			isa = PBXGroup;
			children = (
				485F57EB25E993A000ED1475 /* main.m */,
				485F57F525E9961500ED1475 /* NSString+PigLatin.h */,
				485F57F625E9961500ED1475 /* NSString+PigLatin.m */,
			);
			path = "Pig Latin";
			sourceTree = "<group>";
		};
		485F584D25EA259300ED1475 /* Question */ = {
			isa = PBXGroup;
			children = (
				488741B225E7314F00891145 /* Question.h */,
				488741B325E7314F00891145 /* Question.m */,
				485F580B25EA1C4100ED1475 /* AdditionQuestion.h */,
				485F580C25EA1C4100ED1475 /* AdditionQuestion.m */,
				485F582525EA23E000ED1475 /* SubtractionQuestion.h */,
				485F582625EA23E000ED1475 /* SubtractionQuestion.m */,
				485F583225EA24AB00ED1475 /* MultiplicationQuestion.h */,
				485F583325EA24AB00ED1475 /* MultiplicationQuestion.m */,
				485F583F25EA251300ED1475 /* DivisionQuestion.h */,
				485F584025EA251300ED1475 /* DivisionQuestion.m */,
			);
			path = Question;
			sourceTree = "<group>";
		};
		485F585D25EB043800ED1475 /* Lab6 */ = {
			isa = PBXGroup;
			children = (
				485F585E25EB043800ED1475 /* main.m */,
				485F586925EB046500ED1475 /* Dice.h */,
				485F586A25EB046500ED1475 /* Dice.m */,
				485F588625EB04AA00ED1475 /* InputHandler.h */,
				485F588725EB04AA00ED1475 /* InputHandler.m */,
				485F588F25EB04F600ED1475 /* GameController.h */,
				485F589025EB04F600ED1475 /* GameController.m */,
			);
			path = Lab6;
			sourceTree = "<group>";
		};
		488741A925E7268500891145 /* Maths */ = {
			isa = PBXGroup;
			children = (
				488741AA25E7268500891145 /* main.m */,
				485F581825EA202400ED1475 /* QuestionFactory.h */,
				485F581925EA202400ED1475 /* QuestionFactory.m */,
				485F584D25EA259300ED1475 /* Question */,
				488741C125E74B4D00891145 /* ScoreKeeper.h */,
				488741C225E74B4D00891145 /* ScoreKeeper.m */,
				485F57FE25EA154100ED1475 /* QuestionManager.h */,
				485F57FF25EA154100ED1475 /* QuestionManager.m */,
				488741BB25E7478200891145 /* InputHandler.h */,
				488741BC25E7478200891145 /* InputHandler.m */,
			);
			path = Maths;
			sourceTree = "<group>";
		};
		489ED10125E5EFD9004DB138 /* Lab2 */ = {
			isa = PBXGroup;
			children = (
				489ED10225E5EFD9004DB138 /* main.m */,
				489ED10925E5F019004DB138 /* Box.h */,
				489ED10A25E5F019004DB138 /* Box.m */,
			);
			path = Lab2;
			sourceTree = "<group>";
		};
/* End PBXGroup section */

/* Begin PBXNativeTarget section */
		484C0EE825E467C700BE74DD /* Lab1 */ = {
			isa = PBXNativeTarget;
			buildConfigurationList = 484C0EF025E467C700BE74DD /* Build configuration list for PBXNativeTarget "Lab1" */;
			buildPhases = (
				484C0EE525E467C700BE74DD /* Sources */,
				484C0EE625E467C700BE74DD /* Frameworks */,
				484C0EE725E467C700BE74DD /* CopyFiles */,
			);
			buildRules = (
			);
			dependencies = (
			);
			name = Lab1;
			productName = Labs;
			productReference = 484C0EE925E467C700BE74DD /* Lab1 */;
			productType = "com.apple.product-type.tool";
		};
		4853231525E88D0900D62616 /* Lab4 */ = {
			isa = PBXNativeTarget;
			buildConfigurationList = 4853231C25E88D0900D62616 /* Build configuration list for PBXNativeTarget "Lab4" */;
			buildPhases = (
				4853231225E88D0900D62616 /* Sources */,
				4853231325E88D0900D62616 /* Frameworks */,
				4853231425E88D0900D62616 /* CopyFiles */,
			);
			buildRules = (
			);
			dependencies = (
			);
			name = Lab4;
			productName = Lab4;
			productReference = 4853231625E88D0900D62616 /* Lab4 */;
			productType = "com.apple.product-type.tool";
		};
		485F57E825E993A000ED1475 /* Pig Latin */ = {
			isa = PBXNativeTarget;
			buildConfigurationList = 485F57EF25E993A000ED1475 /* Build configuration list for PBXNativeTarget "Pig Latin" */;
			buildPhases = (
				485F57E525E993A000ED1475 /* Sources */,
				485F57E625E993A000ED1475 /* Frameworks */,
				485F57E725E993A000ED1475 /* CopyFiles */,
			);
			buildRules = (
			);
			dependencies = (
			);
			name = "Pig Latin";
			productName = "Pig Latin";
			productReference = 485F57E925E993A000ED1475 /* Pig Latin */;
			productType = "com.apple.product-type.tool";
		};
		485F585B25EB043800ED1475 /* Lab6 */ = {
			isa = PBXNativeTarget;
			buildConfigurationList = 485F586025EB043800ED1475 /* Build configuration list for PBXNativeTarget "Lab6" */;
			buildPhases = (
				485F585825EB043800ED1475 /* Sources */,
				485F585925EB043800ED1475 /* Frameworks */,
				485F585A25EB043800ED1475 /* CopyFiles */,
			);
			buildRules = (
			);
			dependencies = (
			);
			name = Lab6;
			productName = Lab6;
			productReference = 485F585C25EB043800ED1475 /* Lab6 */;
			productType = "com.apple.product-type.tool";
		};
		488741A725E7268500891145 /* Maths */ = {
			isa = PBXNativeTarget;
			buildConfigurationList = 488741AE25E7268500891145 /* Build configuration list for PBXNativeTarget "Maths" */;
			buildPhases = (
				488741A425E7268500891145 /* Sources */,
				488741A525E7268500891145 /* Frameworks */,
				488741A625E7268500891145 /* CopyFiles */,
			);
			buildRules = (
			);
			dependencies = (
			);
			name = Maths;
			productName = Maths;
			productReference = 488741A825E7268500891145 /* Maths */;
			productType = "com.apple.product-type.tool";
		};
		489ED0FF25E5EFD9004DB138 /* Lab2 */ = {
			isa = PBXNativeTarget;
			buildConfigurationList = 489ED10625E5EFD9004DB138 /* Build configuration list for PBXNativeTarget "Lab2" */;
			buildPhases = (
				489ED0FC25E5EFD9004DB138 /* Sources */,
				489ED0FD25E5EFD9004DB138 /* Frameworks */,
				489ED0FE25E5EFD9004DB138 /* CopyFiles */,
			);
			buildRules = (
			);
			dependencies = (
			);
			name = Lab2;
			productName = Lab2;
			productReference = 489ED10025E5EFD9004DB138 /* Lab2 */;
			productType = "com.apple.product-type.tool";
		};
/* End PBXNativeTarget section */

/* Begin PBXProject section */
		484C0EE125E467C700BE74DD /* Project object */ = {
			isa = PBXProject;
			attributes = {
				LastUpgradeCheck = 1240;
				TargetAttributes = {
					484C0EE825E467C700BE74DD = {
						CreatedOnToolsVersion = 12.4;
					};
					4853231525E88D0900D62616 = {
						CreatedOnToolsVersion = 12.4;
					};
					485F57E825E993A000ED1475 = {
						CreatedOnToolsVersion = 12.4;
					};
					485F585B25EB043800ED1475 = {
						CreatedOnToolsVersion = 12.4;
					};
					488741A725E7268500891145 = {
						CreatedOnToolsVersion = 12.4;
					};
					489ED0FF25E5EFD9004DB138 = {
						CreatedOnToolsVersion = 12.4;
					};
				};
			};
			buildConfigurationList = 484C0EE425E467C700BE74DD /* Build configuration list for PBXProject "Labs" */;
			compatibilityVersion = "Xcode 9.3";
			developmentRegion = en;
			hasScannedForEncodings = 0;
			knownRegions = (
				en,
				Base,
			);
			mainGroup = 484C0EE025E467C700BE74DD;
			productRefGroup = 484C0EEA25E467C700BE74DD /* Products */;
			projectDirPath = "";
			projectRoot = "";
			targets = (
				484C0EE825E467C700BE74DD /* Lab1 */,
				489ED0FF25E5EFD9004DB138 /* Lab2 */,
				488741A725E7268500891145 /* Maths */,
				4853231525E88D0900D62616 /* Lab4 */,
				485F57E825E993A000ED1475 /* Pig Latin */,
				485F585B25EB043800ED1475 /* Lab6 */,
			);
		};
/* End PBXProject section */

/* Begin PBXSourcesBuildPhase section */
		484C0EE525E467C700BE74DD /* Sources */ = {
			isa = PBXSourcesBuildPhase;
			buildActionMask = 2147483647;
			files = (
				484C0EED25E467C700BE74DD /* main.m in Sources */,
			);
			runOnlyForDeploymentPostprocessing = 0;
		};
		4853231225E88D0900D62616 /* Sources */ = {
			isa = PBXSourcesBuildPhase;
			buildActionMask = 2147483647;
			files = (
				4853233225E8A28B00D62616 /* ContactList.m in Sources */,
				4853232325E8997000D62616 /* InputCollector.m in Sources */,
				4853232B25E89ED000D62616 /* Contact.m in Sources */,
				4853231925E88D0900D62616 /* main.m in Sources */,
			);
			runOnlyForDeploymentPostprocessing = 0;
		};
		485F57E525E993A000ED1475 /* Sources */ = {
			isa = PBXSourcesBuildPhase;
			buildActionMask = 2147483647;
			files = (
				485F57EC25E993A000ED1475 /* main.m in Sources */,
				485F57F725E9961500ED1475 /* NSString+PigLatin.m in Sources */,
			);
			runOnlyForDeploymentPostprocessing = 0;
		};
		485F585825EB043800ED1475 /* Sources */ = {
			isa = PBXSourcesBuildPhase;
			buildActionMask = 2147483647;
			files = (
				485F586B25EB046500ED1475 /* Dice.m in Sources */,
				485F589125EB04F600ED1475 /* GameController.m in Sources */,
				485F588825EB04AA00ED1475 /* InputHandler.m in Sources */,
				485F585F25EB043800ED1475 /* main.m in Sources */,
			);
			runOnlyForDeploymentPostprocessing = 0;
		};
		488741A425E7268500891145 /* Sources */ = {
			isa = PBXSourcesBuildPhase;
			buildActionMask = 2147483647;
			files = (
				485F584125EA251300ED1475 /* DivisionQuestion.m in Sources */,
				485F580025EA154100ED1475 /* QuestionManager.m in Sources */,
				485F580D25EA1C4100ED1475 /* AdditionQuestion.m in Sources */,
				488741C325E74B4D00891145 /* ScoreKeeper.m in Sources */,
				488741AB25E7268500891145 /* main.m in Sources */,
				485F581A25EA202400ED1475 /* QuestionFactory.m in Sources */,
				485F583425EA24AB00ED1475 /* MultiplicationQuestion.m in Sources */,
				485F582725EA23E000ED1475 /* SubtractionQuestion.m in Sources */,
				488741B425E7314F00891145 /* Question.m in Sources */,
				485F587F25EB049400ED1475 /* InputHandler.m in Sources */,
			);
			runOnlyForDeploymentPostprocessing = 0;
		};
		489ED0FC25E5EFD9004DB138 /* Sources */ = {
			isa = PBXSourcesBuildPhase;
			buildActionMask = 2147483647;
			files = (
				489ED10325E5EFD9004DB138 /* main.m in Sources */,
				489ED10B25E5F019004DB138 /* Box.m in Sources */,
			);
			runOnlyForDeploymentPostprocessing = 0;
		};
/* End PBXSourcesBuildPhase section */

/* Begin XCBuildConfiguration section */
		484C0EEE25E467C700BE74DD /* Debug */ = {
			isa = XCBuildConfiguration;
			buildSettings = {
				ALWAYS_SEARCH_USER_PATHS = NO;
				CLANG_ANALYZER_NONNULL = YES;
				CLANG_ANALYZER_NUMBER_OBJECT_CONVERSION = YES_AGGRESSIVE;
				CLANG_CXX_LANGUAGE_STANDARD = "gnu++14";
				CLANG_CXX_LIBRARY = "libc++";
				CLANG_ENABLE_MODULES = YES;
				CLANG_ENABLE_OBJC_ARC = YES;
				CLANG_ENABLE_OBJC_WEAK = YES;
				CLANG_WARN_BLOCK_CAPTURE_AUTORELEASING = YES;
				CLANG_WARN_BOOL_CONVERSION = YES;
				CLANG_WARN_COMMA = YES;
				CLANG_WARN_CONSTANT_CONVERSION = YES;
				CLANG_WARN_DEPRECATED_OBJC_IMPLEMENTATIONS = YES;
				CLANG_WARN_DIRECT_OBJC_ISA_USAGE = YES_ERROR;
				CLANG_WARN_DOCUMENTATION_COMMENTS = YES;
				CLANG_WARN_EMPTY_BODY = YES;
				CLANG_WARN_ENUM_CONVERSION = YES;
				CLANG_WARN_INFINITE_RECURSION = YES;
				CLANG_WARN_INT_CONVERSION = YES;
				CLANG_WARN_NON_LITERAL_NULL_CONVERSION = YES;
				CLANG_WARN_OBJC_IMPLICIT_RETAIN_SELF = YES;
				CLANG_WARN_OBJC_LITERAL_CONVERSION = YES;
				CLANG_WARN_OBJC_ROOT_CLASS = YES_ERROR;
				CLANG_WARN_QUOTED_INCLUDE_IN_FRAMEWORK_HEADER = YES;
				CLANG_WARN_RANGE_LOOP_ANALYSIS = YES;
				CLANG_WARN_STRICT_PROTOTYPES = YES;
				CLANG_WARN_SUSPICIOUS_MOVE = YES;
				CLANG_WARN_UNGUARDED_AVAILABILITY = YES_AGGRESSIVE;
				CLANG_WARN_UNREACHABLE_CODE = YES;
				CLANG_WARN__DUPLICATE_METHOD_MATCH = YES;
				COPY_PHASE_STRIP = NO;
				DEBUG_INFORMATION_FORMAT = dwarf;
				ENABLE_STRICT_OBJC_MSGSEND = YES;
				ENABLE_TESTABILITY = YES;
				GCC_C_LANGUAGE_STANDARD = gnu11;
				GCC_DYNAMIC_NO_PIC = NO;
				GCC_NO_COMMON_BLOCKS = YES;
				GCC_OPTIMIZATION_LEVEL = 0;
				GCC_PREPROCESSOR_DEFINITIONS = (
					"DEBUG=1",
					"$(inherited)",
				);
				GCC_WARN_64_TO_32_BIT_CONVERSION = YES;
				GCC_WARN_ABOUT_RETURN_TYPE = YES_ERROR;
				GCC_WARN_UNDECLARED_SELECTOR = YES;
				GCC_WARN_UNINITIALIZED_AUTOS = YES_AGGRESSIVE;
				GCC_WARN_UNUSED_FUNCTION = YES;
				GCC_WARN_UNUSED_VARIABLE = YES;
				MACOSX_DEPLOYMENT_TARGET = 11.1;
				MTL_ENABLE_DEBUG_INFO = INCLUDE_SOURCE;
				MTL_FAST_MATH = YES;
				ONLY_ACTIVE_ARCH = YES;
				SDKROOT = macosx;
			};
			name = Debug;
		};
		484C0EEF25E467C700BE74DD /* Release */ = {
			isa = XCBuildConfiguration;
			buildSettings = {
				ALWAYS_SEARCH_USER_PATHS = NO;
				CLANG_ANALYZER_NONNULL = YES;
				CLANG_ANALYZER_NUMBER_OBJECT_CONVERSION = YES_AGGRESSIVE;
				CLANG_CXX_LANGUAGE_STANDARD = "gnu++14";
				CLANG_CXX_LIBRARY = "libc++";
				CLANG_ENABLE_MODULES = YES;
				CLANG_ENABLE_OBJC_ARC = YES;
				CLANG_ENABLE_OBJC_WEAK = YES;
				CLANG_WARN_BLOCK_CAPTURE_AUTORELEASING = YES;
				CLANG_WARN_BOOL_CONVERSION = YES;
				CLANG_WARN_COMMA = YES;
				CLANG_WARN_CONSTANT_CONVERSION = YES;
				CLANG_WARN_DEPRECATED_OBJC_IMPLEMENTATIONS = YES;
				CLANG_WARN_DIRECT_OBJC_ISA_USAGE = YES_ERROR;
				CLANG_WARN_DOCUMENTATION_COMMENTS = YES;
				CLANG_WARN_EMPTY_BODY = YES;
				CLANG_WARN_ENUM_CONVERSION = YES;
				CLANG_WARN_INFINITE_RECURSION = YES;
				CLANG_WARN_INT_CONVERSION = YES;
				CLANG_WARN_NON_LITERAL_NULL_CONVERSION = YES;
				CLANG_WARN_OBJC_IMPLICIT_RETAIN_SELF = YES;
				CLANG_WARN_OBJC_LITERAL_CONVERSION = YES;
				CLANG_WARN_OBJC_ROOT_CLASS = YES_ERROR;
				CLANG_WARN_QUOTED_INCLUDE_IN_FRAMEWORK_HEADER = YES;
				CLANG_WARN_RANGE_LOOP_ANALYSIS = YES;
				CLANG_WARN_STRICT_PROTOTYPES = YES;
				CLANG_WARN_SUSPICIOUS_MOVE = YES;
				CLANG_WARN_UNGUARDED_AVAILABILITY = YES_AGGRESSIVE;
				CLANG_WARN_UNREACHABLE_CODE = YES;
				CLANG_WARN__DUPLICATE_METHOD_MATCH = YES;
				COPY_PHASE_STRIP = NO;
				DEBUG_INFORMATION_FORMAT = "dwarf-with-dsym";
				ENABLE_NS_ASSERTIONS = NO;
				ENABLE_STRICT_OBJC_MSGSEND = YES;
				GCC_C_LANGUAGE_STANDARD = gnu11;
				GCC_NO_COMMON_BLOCKS = YES;
				GCC_WARN_64_TO_32_BIT_CONVERSION = YES;
				GCC_WARN_ABOUT_RETURN_TYPE = YES_ERROR;
				GCC_WARN_UNDECLARED_SELECTOR = YES;
				GCC_WARN_UNINITIALIZED_AUTOS = YES_AGGRESSIVE;
				GCC_WARN_UNUSED_FUNCTION = YES;
				GCC_WARN_UNUSED_VARIABLE = YES;
				MACOSX_DEPLOYMENT_TARGET = 11.1;
				MTL_ENABLE_DEBUG_INFO = NO;
				MTL_FAST_MATH = YES;
				SDKROOT = macosx;
			};
			name = Release;
		};
		484C0EF125E467C700BE74DD /* Debug */ = {
			isa = XCBuildConfiguration;
			buildSettings = {
				CODE_SIGN_STYLE = Automatic;
				PRODUCT_NAME = "$(TARGET_NAME)";
			};
			name = Debug;
		};
		484C0EF225E467C700BE74DD /* Release */ = {
			isa = XCBuildConfiguration;
			buildSettings = {
				CODE_SIGN_STYLE = Automatic;
				PRODUCT_NAME = "$(TARGET_NAME)";
			};
			name = Release;
		};
		4853231A25E88D0900D62616 /* Debug */ = {
			isa = XCBuildConfiguration;
			buildSettings = {
				CODE_SIGN_STYLE = Automatic;
				PRODUCT_NAME = "$(TARGET_NAME)";
			};
			name = Debug;
		};
		4853231B25E88D0900D62616 /* Release */ = {
			isa = XCBuildConfiguration;
			buildSettings = {
				CODE_SIGN_STYLE = Automatic;
				PRODUCT_NAME = "$(TARGET_NAME)";
			};
			name = Release;
		};
		485F57ED25E993A000ED1475 /* Debug */ = {
			isa = XCBuildConfiguration;
			buildSettings = {
				CODE_SIGN_STYLE = Automatic;
				PRODUCT_NAME = "$(TARGET_NAME)";
			};
			name = Debug;
		};
		485F57EE25E993A000ED1475 /* Release */ = {
			isa = XCBuildConfiguration;
			buildSettings = {
				CODE_SIGN_STYLE = Automatic;
				PRODUCT_NAME = "$(TARGET_NAME)";
			};
			name = Release;
		};
		485F586125EB043800ED1475 /* Debug */ = {
			isa = XCBuildConfiguration;
			buildSettings = {
				CODE_SIGN_STYLE = Automatic;
				PRODUCT_NAME = "$(TARGET_NAME)";
			};
			name = Debug;
		};
		485F586225EB043800ED1475 /* Release */ = {
			isa = XCBuildConfiguration;
			buildSettings = {
				CODE_SIGN_STYLE = Automatic;
				PRODUCT_NAME = "$(TARGET_NAME)";
			};
			name = Release;
		};
		488741AC25E7268500891145 /* Debug */ = {
			isa = XCBuildConfiguration;
			buildSettings = {
				CODE_SIGN_STYLE = Automatic;
				PRODUCT_NAME = "$(TARGET_NAME)";
			};
			name = Debug;
		};
		488741AD25E7268500891145 /* Release */ = {
			isa = XCBuildConfiguration;
			buildSettings = {
				CODE_SIGN_STYLE = Automatic;
				PRODUCT_NAME = "$(TARGET_NAME)";
			};
			name = Release;
		};
		489ED10425E5EFD9004DB138 /* Debug */ = {
			isa = XCBuildConfiguration;
			buildSettings = {
				CODE_SIGN_STYLE = Automatic;
				PRODUCT_NAME = "$(TARGET_NAME)";
			};
			name = Debug;
		};
		489ED10525E5EFD9004DB138 /* Release */ = {
			isa = XCBuildConfiguration;
			buildSettings = {
				CODE_SIGN_STYLE = Automatic;
				PRODUCT_NAME = "$(TARGET_NAME)";
			};
			name = Release;
		};
/* End XCBuildConfiguration section */

/* Begin XCConfigurationList section */
		484C0EE425E467C700BE74DD /* Build configuration list for PBXProject "Labs" */ = {
			isa = XCConfigurationList;
			buildConfigurations = (
				484C0EEE25E467C700BE74DD /* Debug */,
				484C0EEF25E467C700BE74DD /* Release */,
			);
			defaultConfigurationIsVisible = 0;
			defaultConfigurationName = Release;
		};
		484C0EF025E467C700BE74DD /* Build configuration list for PBXNativeTarget "Lab1" */ = {
			isa = XCConfigurationList;
			buildConfigurations = (
				484C0EF125E467C700BE74DD /* Debug */,
				484C0EF225E467C700BE74DD /* Release */,
			);
			defaultConfigurationIsVisible = 0;
			defaultConfigurationName = Release;
		};
		4853231C25E88D0900D62616 /* Build configuration list for PBXNativeTarget "Lab4" */ = {
			isa = XCConfigurationList;
			buildConfigurations = (
				4853231A25E88D0900D62616 /* Debug */,
				4853231B25E88D0900D62616 /* Release */,
			);
			defaultConfigurationIsVisible = 0;
			defaultConfigurationName = Release;
		};
		485F57EF25E993A000ED1475 /* Build configuration list for PBXNativeTarget "Pig Latin" */ = {
			isa = XCConfigurationList;
			buildConfigurations = (
				485F57ED25E993A000ED1475 /* Debug */,
				485F57EE25E993A000ED1475 /* Release */,
			);
			defaultConfigurationIsVisible = 0;
			defaultConfigurationName = Release;
		};
		485F586025EB043800ED1475 /* Build configuration list for PBXNativeTarget "Lab6" */ = {
			isa = XCConfigurationList;
			buildConfigurations = (
				485F586125EB043800ED1475 /* Debug */,
				485F586225EB043800ED1475 /* Release */,
			);
			defaultConfigurationIsVisible = 0;
			defaultConfigurationName = Release;
		};
		488741AE25E7268500891145 /* Build configuration list for PBXNativeTarget "Maths" */ = {
			isa = XCConfigurationList;
			buildConfigurations = (
				488741AC25E7268500891145 /* Debug */,
				488741AD25E7268500891145 /* Release */,
			);
			defaultConfigurationIsVisible = 0;
			defaultConfigurationName = Release;
		};
		489ED10625E5EFD9004DB138 /* Build configuration list for PBXNativeTarget "Lab2" */ = {
			isa = XCConfigurationList;
			buildConfigurations = (
				489ED10425E5EFD9004DB138 /* Debug */,
				489ED10525E5EFD9004DB138 /* Release */,
			);
			defaultConfigurationIsVisible = 0;
			defaultConfigurationName = Release;
		};
/* End XCConfigurationList section */
	};
	rootObject = 484C0EE125E467C700BE74DD /* Project object */;
}
